
Microsoft Visual Studio Solution File, Format Version 11.00
# Visual Studio 2010
Project("{FAE04EC0-301F-11D3-BF4B-00C04F79EFBC}") = "PgpDE", "PgpDE\PgpDE.csproj", "{0C16F649-BD05-4E16-90FB-E0B3C2226938}"
EndProject
Project("{FAE04EC0-301F-11D3-BF4B-00C04F79EFBC}") = "OpenPGPzzz", "OpenPGPzzz\OpenPGPzzz.csproj", "{3569BA00-EEFF-4E67-8EB5-E70CB5564F96}"
EndProject
Project("{FAE04EC0-301F-11D3-BF4B-00C04F79EFBC}") = "crypto", "C:\Users\Алмаз\Desktop\Solutions\шифрование\RSA\bccrypto-net-1.7-src-ext\csharp\crypto\crypto.csproj", "{38872A5F-E87E-4FAD-B109-8EB7B2E6A4A0}"
EndProject
Global
	GlobalSection(SolutionConfigurationPlatforms) = preSolution
		Debug|Any CPU = Debug|Any CPU
		Debug|Mixed Platforms = Debug|Mixed Platforms
		Debug|x86 = Debug|x86
		Release|Any CPU = Release|Any CPU
		Release|Mixed Platforms = Release|Mixed Platforms
		Release|x86 = Release|x86
	EndGlobalSection
	GlobalSection(ProjectConfigurationPlatforms) = postSolution
		{0C16F649-BD05-4E16-90FB-E0B3C2226938}.Debug|Any CPU.ActiveCfg = Debug|x86
		{0C16F649-BD05-4E16-90FB-E0B3C2226938}.Debug|Mixed Platforms.ActiveCfg = Debug|x86
		{0C16F649-BD05-4E16-90FB-E0B3C2226938}.Debug|Mixed Platforms.Build.0 = Debug|x86
		{0C16F649-BD05-4E16-90FB-E0B3C2226938}.Debug|x86.ActiveCfg = Debug|x86
		{0C16F649-BD05-4E16-90FB-E0B3C2226938}.Debug|x86.Build.0 = Debug|x86
		{0C16F649-BD05-4E16-90FB-E0B3C2226938}.Release|Any CPU.ActiveCfg = Release|x86
		{0C16F649-BD05-4E16-90FB-E0B3C2226938}.Release|Mixed Platforms.ActiveCfg = Release|x86
		{0C16F649-BD05-4E16-90FB-E0B3C2226938}.Release|Mixed Platforms.Build.0 = Release|x86
		{0C16F649-BD05-4E16-90FB-E0B3C2226938}.Release|x86.ActiveCfg = Release|x86
		{0C16F649-BD05-4E16-90FB-E0B3C2226938}.Release|x86.Build.0 = Release|x86
		{3569BA00-EEFF-4E67-8EB5-E70CB5564F96}.Debug|Any CPU.ActiveCfg = Debug|Any CPU
		{3569BA00-EEFF-4E67-8EB5-E70CB5564F96}.Debug|Any CPU.Build.0 = Debug|Any CPU
		{3569BA00-EEFF-4E67-8EB5-E70CB5564F96}.Debug|Mixed Platforms.ActiveCfg = Debug|Any CPU
		{3569BA00-EEFF-4E67-8EB5-E70CB5564F96}.Debug|Mixed Platforms.Build.0 = Debug|Any CPU
		{3569BA00-EEFF-4E67-8EB5-E70CB5564F96}.Debug|x86.ActiveCfg = Debug|Any CPU
		{3569BA00-EEFF-4E67-8EB5-E70CB5564F96}.Release|Any CPU.ActiveCfg = Release|Any CPU
		{3569BA00-EEFF-4E67-8EB5-E70CB5564F96}.Release|Any CPU.Build.0 = Release|Any CPU
		{3569BA00-EEFF-4E67-8EB5-E70CB5564F96}.Release|Mixed Platforms.ActiveCfg = Release|Any CPU
		{3569BA00-EEFF-4E67-8EB5-E70CB5564F96}.Release|Mixed Platforms.Build.0 = Release|Any CPU
		{3569BA00-EEFF-4E67-8EB5-E70CB5564F96}.Release|x86.ActiveCfg = Release|Any CPU
		{38872A5F-E87E-4FAD-B109-8EB7B2E6A4A0}.Debug|Any CPU.ActiveCfg = Debug|Any CPU
		{38872A5F-E87E-4FAD-B109-8EB7B2E6A4A0}.Debug|Any CPU.Build.0 = Debug|Any CPU
		{38872A5F-E87E-4FAD-B109-8EB7B2E6A4A0}.Debug|Mixed Platforms.ActiveCfg = Debug|Any CPU
		{38872A5F-E87E-4FAD-B109-8EB7B2E6A4A0}.Debug|Mixed Platforms.Build.0 = Debug|Any CPU
		{38872A5F-E87E-4FAD-B109-8EB7B2E6A4A0}.Debug|x86.ActiveCfg = Debug|Any CPU
		{38872A5F-E87E-4FAD-B109-8EB7B2E6A4A0}.Release|Any CPU.ActiveCfg = Release|Any CPU
		{38872A5F-E87E-4FAD-B109-8EB7B2E6A4A0}.Release|Any CPU.Build.0 = Release|Any CPU
		{38872A5F-E87E-4FAD-B109-8EB7B2E6A4A0}.Release|Mixed Platforms.ActiveCfg = Release|Any CPU
		{38872A5F-E87E-4FAD-B109-8EB7B2E6A4A0}.Release|Mixed Platforms.Build.0 = Release|Any CPU
		{38872A5F-E87E-4FAD-B109-8EB7B2E6A4A0}.Release|x86.ActiveCfg = Release|Any CPU
	EndGlobalSection
	GlobalSection(SolutionProperties) = preSolution
		HideSolutionNode = FALSE
	EndGlobalSection
EndGlobal
